// !$*UTF8*$!
{
	archiveVersion = 1;
	classes = {
	};
	objectVersion = 46;
	objects = {

/* Begin PBXBuildFile section */
		A07235E318FC809400E3619F /* Foundation.framework in Frameworks */ = {isa = PBXBuildFile; fileRef = A07235E218FC809400E3619F /* Foundation.framework */; };
		A07235E518FC809400E3619F /* CoreGraphics.framework in Frameworks */ = {isa = PBXBuildFile; fileRef = A07235E418FC809400E3619F /* CoreGraphics.framework */; };
		A07235E718FC809400E3619F /* UIKit.framework in Frameworks */ = {isa = PBXBuildFile; fileRef = A07235E618FC809400E3619F /* UIKit.framework */; };
		A07235ED18FC809400E3619F /* InfoPlist.strings in Resources */ = {isa = PBXBuildFile; fileRef = A07235EB18FC809400E3619F /* InfoPlist.strings */; };
		A07235EF18FC809400E3619F /* main.m in Sources */ = {isa = PBXBuildFile; fileRef = A07235EE18FC809400E3619F /* main.m */; };
		A07235F318FC809400E3619F /* PEIAppDelegate.m in Sources */ = {isa = PBXBuildFile; fileRef = A07235F218FC809400E3619F /* PEIAppDelegate.m */; };
		A07235F518FC809400E3619F /* Images.xcassets in Resources */ = {isa = PBXBuildFile; fileRef = A07235F418FC809400E3619F /* Images.xcassets */; };
		A07235FC18FC809400E3619F /* XCTest.framework in Frameworks */ = {isa = PBXBuildFile; fileRef = A07235FB18FC809400E3619F /* XCTest.framework */; };
		A07235FD18FC809400E3619F /* Foundation.framework in Frameworks */ = {isa = PBXBuildFile; fileRef = A07235E218FC809400E3619F /* Foundation.framework */; };
		A07235FE18FC809400E3619F /* UIKit.framework in Frameworks */ = {isa = PBXBuildFile; fileRef = A07235E618FC809400E3619F /* UIKit.framework */; };
		A072360618FC809400E3619F /* InfoPlist.strings in Resources */ = {isa = PBXBuildFile; fileRef = A072360418FC809400E3619F /* InfoPlist.strings */; };
		A072360818FC809400E3619F /* QuizTests.m in Sources */ = {isa = PBXBuildFile; fileRef = A072360718FC809400E3619F /* QuizTests.m */; };
		A072361418FC8A3900E3619F /* PEIQuizViewController.m in Sources */ = {isa = PBXBuildFile; fileRef = A072361218FC8A3900E3619F /* PEIQuizViewController.m */; };
		A072361518FC8A3900E3619F /* PEIQuizViewController.xib in Resources */ = {isa = PBXBuildFile; fileRef = A072361318FC8A3900E3619F /* PEIQuizViewController.xib */; };
/* End PBXBuildFile section */

/* Begin PBXContainerItemProxy section */
		A07235FF18FC809400E3619F /* PBXContainerItemProxy */ = {
			isa = PBXContainerItemProxy;
			containerPortal = A07235D718FC809400E3619F /* Project object */;
			proxyType = 1;
			remoteGlobalIDString = A07235DE18FC809400E3619F;
			remoteInfo = Quiz;
		};
/* End PBXContainerItemProxy section */

/* Begin PBXFileReference section */
		A07235DF18FC809400E3619F /* Quiz.app */ = {isa = PBXFileReference; explicitFileType = wrapper.application; includeInIndex = 0; path = Quiz.app; sourceTree = BUILT_PRODUCTS_DIR; };
		A07235E218FC809400E3619F /* Foundation.framework */ = {isa = PBXFileReference; lastKnownFileType = wrapper.framework; name = Foundation.framework; path = System/Library/Frameworks/Foundation.framework; sourceTree = SDKROOT; };
		A07235E418FC809400E3619F /* CoreGraphics.framework */ = {isa = PBXFileReference; lastKnownFileType = wrapper.framework; name = CoreGraphics.framework; path = System/Library/Frameworks/CoreGraphics.framework; sourceTree = SDKROOT; };
		A07235E618FC809400E3619F /* UIKit.framework */ = {isa = PBXFileReference; lastKnownFileType = wrapper.framework; name = UIKit.framework; path = System/Library/Frameworks/UIKit.framework; sourceTree = SDKROOT; };
		A07235EA18FC809400E3619F /* Quiz-Info.plist */ = {isa = PBXFileReference; lastKnownFileType = text.plist.xml; path = "Quiz-Info.plist"; sourceTree = "<group>"; };
		A07235EC18FC809400E3619F /* en */ = {isa = PBXFileReference; lastKnownFileType = text.plist.strings; name = en; path = en.lproj/InfoPlist.strings; sourceTree = "<group>"; };
		A07235EE18FC809400E3619F /* main.m */ = {isa = PBXFileReference; lastKnownFileType = sourcecode.c.objc; path = main.m; sourceTree = "<group>"; };
		A07235F018FC809400E3619F /* Quiz-Prefix.pch */ = {isa = PBXFileReference; lastKnownFileType = sourcecode.c.h; path = "Quiz-Prefix.pch"; sourceTree = "<group>"; };
		A07235F118FC809400E3619F /* PEIAppDelegate.h */ = {isa = PBXFileReference; lastKnownFileType = sourcecode.c.h; path = PEIAppDelegate.h; sourceTree = "<group>"; };
		A07235F218FC809400E3619F /* PEIAppDelegate.m */ = {isa = PBXFileReference; lastKnownFileType = sourcecode.c.objc; path = PEIAppDelegate.m; sourceTree = "<group>"; };
		A07235F418FC809400E3619F /* Images.xcassets */ = {isa = PBXFileReference; lastKnownFileType = folder.assetcatalog; path = Images.xcassets; sourceTree = "<group>"; };
		A07235FA18FC809400E3619F /* QuizTests.xctest */ = {isa = PBXFileReference; explicitFileType = wrapper.cfbundle; includeInIndex = 0; path = QuizTests.xctest; sourceTree = BUILT_PRODUCTS_DIR; };
		A07235FB18FC809400E3619F /* XCTest.framework */ = {isa = PBXFileReference; lastKnownFileType = wrapper.framework; name = XCTest.framework; path = Library/Frameworks/XCTest.framework; sourceTree = DEVELOPER_DIR; };
		A072360318FC809400E3619F /* QuizTests-Info.plist */ = {isa = PBXFileReference; lastKnownFileType = text.plist.xml; path = "QuizTests-Info.plist"; sourceTree = "<group>"; };
		A072360518FC809400E3619F /* en */ = {isa = PBXFileReference; lastKnownFileType = text.plist.strings; name = en; path = en.lproj/InfoPlist.strings; sourceTree = "<group>"; };
		A072360718FC809400E3619F /* QuizTests.m */ = {isa = PBXFileReference; lastKnownFileType = sourcecode.c.objc; path = QuizTests.m; sourceTree = "<group>"; };
		A072361118FC8A3900E3619F /* PEIQuizViewController.h */ = {isa = PBXFileReference; fileEncoding = 4; lastKnownFileType = sourcecode.c.h; path = PEIQuizViewController.h; sourceTree = "<group>"; };
		A072361218FC8A3900E3619F /* PEIQuizViewController.m */ = {isa = PBXFileReference; fileEncoding = 4; lastKnownFileType = sourcecode.c.objc; path = PEIQuizViewController.m; sourceTree = "<group>"; };
		A072361318FC8A3900E3619F /* PEIQuizViewController.xib */ = {isa = PBXFileReference; fileEncoding = 4; lastKnownFileType = file.xib; path = PEIQuizViewController.xib; sourceTree = "<group>"; };
/* End PBXFileReference section */

/* Begin PBXFrameworksBuildPhase section */
		A07235DC18FC809400E3619F /* Frameworks */ = {
			isa = PBXFrameworksBuildPhase;
			buildActionMask = 2147483647;
			files = (
				A07235E518FC809400E3619F /* CoreGraphics.framework in Frameworks */,
				A07235E718FC809400E3619F /* UIKit.framework in Frameworks */,
				A07235E318FC809400E3619F /* Foundation.framework in Frameworks */,
			);
			runOnlyForDeploymentPostprocessing = 0;
		};
		A07235F718FC809400E3619F /* Frameworks */ = {
			isa = PBXFrameworksBuildPhase;
			buildActionMask = 2147483647;
			files = (
				A07235FC18FC809400E3619F /* XCTest.framework in Frameworks */,
				A07235FE18FC809400E3619F /* UIKit.framework in Frameworks */,
				A07235FD18FC809400E3619F /* Foundation.framework in Frameworks */,
			);
			runOnlyForDeploymentPostprocessing = 0;
		};
/* End PBXFrameworksBuildPhase section */

/* Begin PBXGroup section */
		A07235D618FC809400E3619F = {
			isa = PBXGroup;
			children = (
				A07235E818FC809400E3619F /* Quiz */,
				A072360118FC809400E3619F /* QuizTests */,
				A07235E118FC809400E3619F /* Frameworks */,
				A07235E018FC809400E3619F /* Products */,
			);
			sourceTree = "<group>";
		};
		A07235E018FC809400E3619F /* Products */ = {
			isa = PBXGroup;
			children = (
				A07235DF18FC809400E3619F /* Quiz.app */,
				A07235FA18FC809400E3619F /* QuizTests.xctest */,
			);
			name = Products;
			sourceTree = "<group>";
		};
		A07235E118FC809400E3619F /* Frameworks */ = {
			isa = PBXGroup;
			children = (
				A07235E218FC809400E3619F /* Foundation.framework */,
				A07235E418FC809400E3619F /* CoreGraphics.framework */,
				A07235E618FC809400E3619F /* UIKit.framework */,
				A07235FB18FC809400E3619F /* XCTest.framework */,
			);
			name = Frameworks;
			sourceTree = "<group>";
		};
		A07235E818FC809400E3619F /* Quiz */ = {
			isa = PBXGroup;
			children = (
				A07235F118FC809400E3619F /* PEIAppDelegate.h */,
				A072361118FC8A3900E3619F /* PEIQuizViewController.h */,
				A072361218FC8A3900E3619F /* PEIQuizViewController.m */,
				A072361318FC8A3900E3619F /* PEIQuizViewController.xib */,
				A07235F218FC809400E3619F /* PEIAppDelegate.m */,
				A07235F418FC809400E3619F /* Images.xcassets */,
				A07235E918FC809400E3619F /* Supporting Files */,
			);
			path = Quiz;
			sourceTree = "<group>";
		};
		A07235E918FC809400E3619F /* Supporting Files */ = {
			isa = PBXGroup;
			children = (
				A07235EA18FC809400E3619F /* Quiz-Info.plist */,
				A07235EB18FC809400E3619F /* InfoPlist.strings */,
				A07235EE18FC809400E3619F /* main.m */,
				A07235F018FC809400E3619F /* Quiz-Prefix.pch */,
			);
			name = "Supporting Files";
			sourceTree = "<group>";
		};
		A072360118FC809400E3619F /* QuizTests */ = {
			isa = PBXGroup;
			children = (
				A072360718FC809400E3619F /* QuizTests.m */,
				A072360218FC809400E3619F /* Supporting Files */,
			);
			path = QuizTests;
			sourceTree = "<group>";
		};
		A072360218FC809400E3619F /* Supporting Files */ = {
			isa = PBXGroup;
			children = (
				A072360318FC809400E3619F /* QuizTests-Info.plist */,
				A072360418FC809400E3619F /* InfoPlist.strings */,
			);
			name = "Supporting Files";
			sourceTree = "<group>";
		};
/* End PBXGroup section */

/* Begin PBXNativeTarget section */
		A07235DE18FC809400E3619F /* Quiz */ = {
			isa = PBXNativeTarget;
			buildConfigurationList = A072360B18FC809400E3619F /* Build configuration list for PBXNativeTarget "Quiz" */;
			buildPhases = (
				A07235DB18FC809400E3619F /* Sources */,
				A07235DC18FC809400E3619F /* Frameworks */,
				A07235DD18FC809400E3619F /* Resources */,
			);
			buildRules = (
			);
			dependencies = (
			);
			name = Quiz;
			productName = Quiz;
			productReference = A07235DF18FC809400E3619F /* Quiz.app */;
			productType = "com.apple.product-type.application";
		};
		A07235F918FC809400E3619F /* QuizTests */ = {
			isa = PBXNativeTarget;
			buildConfigurationList = A072360E18FC809400E3619F /* Build configuration list for PBXNativeTarget "QuizTests" */;
			buildPhases = (
				A07235F618FC809400E3619F /* Sources */,
				A07235F718FC809400E3619F /* Frameworks */,
				A07235F818FC809400E3619F /* Resources */,
			);
			buildRules = (
			);
			dependencies = (
				A072360018FC809400E3619F /* PBXTargetDependency */,
			);
			name = QuizTests;
			productName = QuizTests;
			productReference = A07235FA18FC809400E3619F /* QuizTests.xctest */;
			productType = "com.apple.product-type.bundle.unit-test";
		};
/* End PBXNativeTarget section */

/* Begin PBXProject section */
		A07235D718FC809400E3619F /* Project object */ = {
			isa = PBXProject;
			attributes = {
				CLASSPREFIX = PEI;
				LastUpgradeCheck = 0510;
				ORGANIZATIONNAME = "Product Engine";
				TargetAttributes = {
					A07235F918FC809400E3619F = {
						TestTargetID = A07235DE18FC809400E3619F;
					};
				};
			};
			buildConfigurationList = A07235DA18FC809400E3619F /* Build configuration list for PBXProject "Quiz" */;
			compatibilityVersion = "Xcode 3.2";
			developmentRegion = English;
			hasScannedForEncodings = 0;
			knownRegions = (
				en,
			);
			mainGroup = A07235D618FC809400E3619F;
			productRefGroup = A07235E018FC809400E3619F /* Products */;
			projectDirPath = "";
			projectRoot = "";
			targets = (
				A07235DE18FC809400E3619F /* Quiz */,
				A07235F918FC809400E3619F /* QuizTests */,
			);
		};
/* End PBXProject section */

/* Begin PBXResourcesBuildPhase section */
		A07235DD18FC809400E3619F /* Resources */ = {
			isa = PBXResourcesBuildPhase;
			buildActionMask = 2147483647;
			files = (
				A07235ED18FC809400E3619F /* InfoPlist.strings in Resources */,
				A07235F518FC809400E3619F /* Images.xcassets in Resources */,
				A072361518FC8A3900E3619F /* PEIQuizViewController.xib in Resources */,
			);
			runOnlyForDeploymentPostprocessing = 0;
		};
		A07235F818FC809400E3619F /* Resources */ = {
			isa = PBXResourcesBuildPhase;
			buildActionMask = 2147483647;
			files = (
				A072360618FC809400E3619F /* InfoPlist.strings in Resources */,
			);
			runOnlyForDeploymentPostprocessing = 0;
		};
/* End PBXResourcesBuildPhase section */

/* Begin PBXSourcesBuildPhase section */
		A07235DB18FC809400E3619F /* Sources */ = {
			isa = PBXSourcesBuildPhase;
			buildActionMask = 2147483647;
			files = (
				A07235EF18FC809400E3619F /* main.m in Sources */,
				A072361418FC8A3900E3619F /* PEIQuizViewController.m in Sources */,
				A07235F318FC809400E3619F /* PEIAppDelegate.m in Sources */,
			);
			runOnlyForDeploymentPostprocessing = 0;
		};
		A07235F618FC809400E3619F /* Sources */ = {
			isa = PBXSourcesBuildPhase;
			buildActionMask = 2147483647;
			files = (
				A072360818FC809400E3619F /* QuizTests.m in Sources */,
			);
			runOnlyForDeploymentPostprocessing = 0;
		};
/* End PBXSourcesBuildPhase section */

/* Begin PBXTargetDependency section */
		A072360018FC809400E3619F /* PBXTargetDependency */ = {
			isa = PBXTargetDependency;
			target = A07235DE18FC809400E3619F /* Quiz */;
			targetProxy = A07235FF18FC809400E3619F /* PBXContainerItemProxy */;
		};
/* End PBXTargetDependency section */

/* Begin PBXVariantGroup section */
		A07235EB18FC809400E3619F /* InfoPlist.strings */ = {
			isa = PBXVariantGroup;
			children = (
				A07235EC18FC809400E3619F /* en */,
			);
			name = InfoPlist.strings;
			sourceTree = "<group>";
		};
		A072360418FC809400E3619F /* InfoPlist.strings */ = {
			isa = PBXVariantGroup;
			children = (
				A072360518FC809400E3619F /* en */,
			);
			name = InfoPlist.strings;
			sourceTree = "<group>";
		};
/* End PBXVariantGroup section */

/* Begin XCBuildConfiguration section */
		A072360918FC809400E3619F /* Debug */ = {
			isa = XCBuildConfiguration;
			buildSettings = {
				ALWAYS_SEARCH_USER_PATHS = NO;
				CLANG_CXX_LANGUAGE_STANDARD = "gnu++0x";
				CLANG_CXX_LIBRARY = "libc++";
				CLANG_ENABLE_MODULES = YES;
				CLANG_ENABLE_OBJC_ARC = YES;
				CLANG_WARN_BOOL_CONVERSION = YES;
				CLANG_WARN_CONSTANT_CONVERSION = YES;
				CLANG_WARN_DIRECT_OBJC_ISA_USAGE = YES_ERROR;
				CLANG_WARN_EMPTY_BODY = YES;
				CLANG_WARN_ENUM_CONVERSION = YES;
				CLANG_WARN_INT_CONVERSION = YES;
				CLANG_WARN_OBJC_ROOT_CLASS = YES_ERROR;
				CLANG_WARN__DUPLICATE_METHOD_MATCH = YES;
				"CODE_SIGN_IDENTITY[sdk=iphoneos*]" = "iPhone Developer";
				COPY_PHASE_STRIP = NO;
				GCC_C_LANGUAGE_STANDARD = gnu99;
				GCC_DYNAMIC_NO_PIC = NO;
				GCC_OPTIMIZATION_LEVEL = 0;
				GCC_PREPROCESSOR_DEFINITIONS = (
					"DEBUG=1",
					"$(inherited)",
				);
				GCC_SYMBOLS_PRIVATE_EXTERN = NO;
				GCC_WARN_64_TO_32_BIT_CONVERSION = YES;
				GCC_WARN_ABOUT_RETURN_TYPE = YES_ERROR;
				GCC_WARN_UNDECLARED_SELECTOR = YES;
				GCC_WARN_UNINITIALIZED_AUTOS = YES_AGGRESSIVE;
				GCC_WARN_UNUSED_FUNCTION = YES;
				GCC_WARN_UNUSED_VARIABLE = YES;
				IPHONEOS_DEPLOYMENT_TARGET = 7.1;
				ONLY_ACTIVE_ARCH = YES;
				SDKROOT = iphoneos;
			};
			name = Debug;
		};
		A072360A18FC809400E3619F /* Release */ = {
			isa = XCBuildConfiguration;
			buildSettings = {
				ALWAYS_SEARCH_USER_PATHS = NO;
				CLANG_CXX_LANGUAGE_STANDARD = "gnu++0x";
				CLANG_CXX_LIBRARY = "libc++";
				CLANG_ENABLE_MODULES = YES;
				CLANG_ENABLE_OBJC_ARC = YES;
				CLANG_WARN_BOOL_CONVERSION = YES;
				CLANG_WARN_CONSTANT_CONVERSION = YES;
				CLANG_WARN_DIRECT_OBJC_ISA_USAGE = YES_ERROR;
				CLANG_WARN_EMPTY_BODY = YES;
				CLANG_WARN_ENUM_CONVERSION = YES;
				CLANG_WARN_INT_CONVERSION = YES;
				CLANG_WARN_OBJC_ROOT_CLASS = YES_ERROR;
				CLANG_WARN__DUPLICATE_METHOD_MATCH = YES;
				"CODE_SIGN_IDENTITY[sdk=iphoneos*]" = "iPhone Developer";
				COPY_PHASE_STRIP = YES;
				ENABLE_NS_ASSERTIONS = NO;
				GCC_C_LANGUAGE_STANDARD = gnu99;
				GCC_WARN_64_TO_32_BIT_CONVERSION = YES;
				GCC_WARN_ABOUT_RETURN_TYPE = YES_ERROR;
				GCC_WARN_UNDECLARED_SELECTOR = YES;
				GCC_WARN_UNINITIALIZED_AUTOS = YES_AGGRESSIVE;
				GCC_WARN_UNUSED_FUNCTION = YES;
				GCC_WARN_UNUSED_VARIABLE = YES;
				IPHONEOS_DEPLOYMENT_TARGET = 7.1;
				SDKROOT = iphoneos;
				VALIDATE_PRODUCT = YES;
			};
			name = Release;
		};
		A072360C18FC809400E3619F /* Debug */ = {
			isa = XCBuildConfiguration;
			buildSettings = {
				ASSETCATALOG_COMPILER_APPICON_NAME = AppIcon;
				ASSETCATALOG_COMPILER_LAUNCHIMAGE_NAME = LaunchImage;
				GCC_PRECOMPILE_PREFIX_HEADER = YES;
				GCC_PREFIX_HEADER = "Quiz/Quiz-Prefix.pch";
				INFOPLIST_FILE = "Quiz/Quiz-Info.plist";
				PRODUCT_NAME = "$(TARGET_NAME)";
				WRAPPER_EXTENSION = app;
			};
			name = Debug;
		};
		A072360D18FC809400E3619F /* Release */ = {
			isa = XCBuildConfiguration;
			buildSettings = {
				ASSETCATALOG_COMPILER_APPICON_NAME = AppIcon;
				ASSETCATALOG_COMPILER_LAUNCHIMAGE_NAME = LaunchImage;
				GCC_PRECOMPILE_PREFIX_HEADER = YES;
				GCC_PREFIX_HEADER = "Quiz/Quiz-Prefix.pch";
				INFOPLIST_FILE = "Quiz/Quiz-Info.plist";
				PRODUCT_NAME = "$(TARGET_NAME)";
				WRAPPER_EXTENSION = app;
			};
			name = Release;
		};
		A072360F18FC809400E3619F /* Debug */ = {
			isa = XCBuildConfiguration;
			buildSettings = {
				BUNDLE_LOADER = "$(BUILT_PRODUCTS_DIR)/Quiz.app/Quiz";
				FRAMEWORK_SEARCH_PATHS = (
					"$(SDKROOT)/Developer/Library/Frameworks",
					"$(inherited)",
					"$(DEVELOPER_FRAMEWORKS_DIR)",
				);
				GCC_PRECOMPILE_PREFIX_HEADER = YES;
				GCC_PREFIX_HEADER = "Quiz/Quiz-Prefix.pch";
				GCC_PREPROCESSOR_DEFINITIONS = (
					"DEBUG=1",
					"$(inherited)",
				);
				INFOPLIST_FILE = "QuizTests/QuizTests-Info.plist";
				PRODUCT_NAME = "$(TARGET_NAME)";
				TEST_HOST = "$(BUNDLE_LOADER)";
				WRAPPER_EXTENSION = xctest;
			};
			name = Debug;
		};
		A072361018FC809400E3619F /* Release */ = {
			isa = XCBuildConfiguration;
			buildSettings = {
				BUNDLE_LOADER = "$(BUILT_PRODUCTS_DIR)/Quiz.app/Quiz";
				FRAMEWORK_SEARCH_PATHS = (
					"$(SDKROOT)/Developer/Library/Frameworks",
					"$(inherited)",
					"$(DEVELOPER_FRAMEWORKS_DIR)",
				);
				GCC_PRECOMPILE_PREFIX_HEADER = YES;
				GCC_PREFIX_HEADER = "Quiz/Quiz-Prefix.pch";
				INFOPLIST_FILE = "QuizTests/QuizTests-Info.plist";
				PRODUCT_NAME = "$(TARGET_NAME)";
				TEST_HOST = "$(BUNDLE_LOADER)";
				WRAPPER_EXTENSION = xctest;
			};
			name = Release;
		};
/* End XCBuildConfiguration section */

/* Begin XCConfigurationList section */
		A07235DA18FC809400E3619F /* Build configuration list for PBXProject "Quiz" */ = {
			isa = XCConfigurationList;
			buildConfigurations = (
				A072360918FC809400E3619F /* Debug */,
				A072360A18FC809400E3619F /* Release */,
			);
			defaultConfigurationIsVisible = 0;
			defaultConfigurationName = Release;
		};
		A072360B18FC809400E3619F /* Build configuration list for PBXNativeTarget "Quiz" */ = {
			isa = XCConfigurationList;
			buildConfigurations = (
				A072360C18FC809400E3619F /* Debug */,
				A072360D18FC809400E3619F /* Release */,
			);
			defaultConfigurationIsVisible = 0;
		};
		A072360E18FC809400E3619F /* Build configuration list for PBXNativeTarget "QuizTests" */ = {
			isa = XCConfigurationList;
			buildConfigurations = (
				A072360F18FC809400E3619F /* Debug */,
				A072361018FC809400E3619F /* Release */,
			);
			defaultConfigurationIsVisible = 0;
		};
/* End XCConfigurationList section */
	};
	rootObject = A07235D718FC809400E3619F /* Project object */;
}
